
Microsoft Visual Studio Solution File, Format Version 12.00
# Visual Studio Version 17
VisualStudioVersion = 17.3.32825.248
MinimumVisualStudioVersion = 10.0.40219.1
Project("{FAE04EC0-301F-11D3-BF4B-00C04F79EFBC}") = "BlogManager.WebApi", "BlogManager.WebApi\BlogManager.WebApi.csproj", "{CF7B025C-E199-49EA-996D-7A15C7CEA831}"
EndProject
Project("{FAE04EC0-301F-11D3-BF4B-00C04F79EFBC}") = "BlogManager.Domain", "BlogManager.Domain\BlogManager.Domain.csproj", "{16F3349E-FB70-4FC5-822B-31FE6008357D}"
EndProject
Project("{FAE04EC0-301F-11D3-BF4B-00C04F79EFBC}") = "BlogManager.EFCore", "BlogManager.EFCore\BlogManager.EFCore.csproj", "{321CF7BC-DFED-4482-9843-E7AAF2E6C163}"
EndProject
Project("{FAE04EC0-301F-11D3-BF4B-00C04F79EFBC}") = "BlogManager.EFCore.PostgreSql", "BlogManager.EFCore.PostgreSql\BlogManager.EFCore.PostgreSql.csproj", "{6FEC76D3-83BF-4148-AB51-ADF68F393514}"
EndProject
Project("{FAE04EC0-301F-11D3-BF4B-00C04F79EFBC}") = "BlogManager.EFCore.PostgreSql.Recover", "BlogManager.EFCore.PostgreSql.Recover\BlogManager.EFCore.PostgreSql.Recover.csproj", "{4CDC54F3-D912-4BB6-884F-27A0235FC908}"
EndProject
Project("{2150E333-8FDC-42A3-9474-1A3956D46DE8}") = "Solution Items", "Solution Items", "{1C67638E-EBCA-46DC-9F1E-B01D651321CC}"
	ProjectSection(SolutionItems) = preProject
		.editorconfig = .editorconfig
		NuGet.Config = NuGet.Config
	EndProjectSection
EndProject
Global
	GlobalSection(SolutionConfigurationPlatforms) = preSolution
		Debug|Any CPU = Debug|Any CPU
		Release|Any CPU = Release|Any CPU
	EndGlobalSection
	GlobalSection(ProjectConfigurationPlatforms) = postSolution
		{CF7B025C-E199-49EA-996D-7A15C7CEA831}.Debug|Any CPU.ActiveCfg = Debug|Any CPU
		{CF7B025C-E199-49EA-996D-7A15C7CEA831}.Debug|Any CPU.Build.0 = Debug|Any CPU
		{CF7B025C-E199-49EA-996D-7A15C7CEA831}.Release|Any CPU.ActiveCfg = Release|Any CPU
		{CF7B025C-E199-49EA-996D-7A15C7CEA831}.Release|Any CPU.Build.0 = Release|Any CPU
		{16F3349E-FB70-4FC5-822B-31FE6008357D}.Debug|Any CPU.ActiveCfg = Debug|Any CPU
		{16F3349E-FB70-4FC5-822B-31FE6008357D}.Debug|Any CPU.Build.0 = Debug|Any CPU
		{16F3349E-FB70-4FC5-822B-31FE6008357D}.Release|Any CPU.ActiveCfg = Release|Any CPU
		{16F3349E-FB70-4FC5-822B-31FE6008357D}.Release|Any CPU.Build.0 = Release|Any CPU
		{321CF7BC-DFED-4482-9843-E7AAF2E6C163}.Debug|Any CPU.ActiveCfg = Debug|Any CPU
		{321CF7BC-DFED-4482-9843-E7AAF2E6C163}.Debug|Any CPU.Build.0 = Debug|Any CPU
		{321CF7BC-DFED-4482-9843-E7AAF2E6C163}.Release|Any CPU.ActiveCfg = Release|Any CPU
		{321CF7BC-DFED-4482-9843-E7AAF2E6C163}.Release|Any CPU.Build.0 = Release|Any CPU
		{6FEC76D3-83BF-4148-AB51-ADF68F393514}.Debug|Any CPU.ActiveCfg = Debug|Any CPU
		{6FEC76D3-83BF-4148-AB51-ADF68F393514}.Debug|Any CPU.Build.0 = Debug|Any CPU
		{6FEC76D3-83BF-4148-AB51-ADF68F393514}.Release|Any CPU.ActiveCfg = Release|Any CPU
		{6FEC76D3-83BF-4148-AB51-ADF68F393514}.Release|Any CPU.Build.0 = Release|Any CPU
		{4CDC54F3-D912-4BB6-884F-27A0235FC908}.Debug|Any CPU.ActiveCfg = Debug|Any CPU
		{4CDC54F3-D912-4BB6-884F-27A0235FC908}.Debug|Any CPU.Build.0 = Debug|Any CPU
		{4CDC54F3-D912-4BB6-884F-27A0235FC908}.Release|Any CPU.ActiveCfg = Release|Any CPU
		{4CDC54F3-D912-4BB6-884F-27A0235FC908}.Release|Any CPU.Build.0 = Release|Any CPU
	EndGlobalSection
	GlobalSection(SolutionProperties) = preSolution
		HideSolutionNode = FALSE
	EndGlobalSection
	GlobalSection(ExtensibilityGlobals) = postSolution
		SolutionGuid = {65967320-1332-403F-94F6-F7B50F5B68FE}
	EndGlobalSection
EndGlobal
